// !$*UTF8*$!
{
	archiveVersion = 1;
	classes = {
	};
	objectVersion = 50;
	objects = {

/* Begin PBXBuildFile section */
		188FD44A291B96BE0081DF7C /* main.cpp in Sources */ = {isa = PBXBuildFile; fileRef = 188FD449291B96BE0081DF7C /* main.cpp */; };
/* End PBXBuildFile section */

/* Begin PBXFileReference section */
		188FD43F291B96BE0081DF7C /* netmon */ = {isa = PBXFileReference; explicitFileType = "compiled.mach-o.executable"; includeInIndex = 0; path = netmon; sourceTree = BUILT_PRODUCTS_DIR; };
		188FD444291B96BE0081DF7C /* control */ = {isa = PBXFileReference; lastKnownFileType = text; path = control; sourceTree = "<group>"; };
		188FD445291B96BE0081DF7C /* netmon.plist */ = {isa = PBXFileReference; lastKnownFileType = text.plist.xml; path = netmon.plist; sourceTree = "<group>"; };
		188FD448291B96BE0081DF7C /* 0xdeadfa11 */ = {isa = PBXFileReference; lastKnownFileType = text; path = 0xdeadfa11; sourceTree = "<group>"; };
		188FD449291B96BE0081DF7C /* main.cpp */ = {isa = PBXFileReference; lastKnownFileType = sourcecode.cpp.cpp; path = main.cpp; sourceTree = "<group>"; };
/* End PBXFileReference section */

/* Begin PBXFrameworksBuildPhase section */
		188FD43C291B96BE0081DF7C /* Frameworks */ = {
			isa = PBXFrameworksBuildPhase;
			buildActionMask = 2147483647;
			files = (
			);
			runOnlyForDeploymentPostprocessing = 0;
		};
/* End PBXFrameworksBuildPhase section */

/* Begin PBXGroup section */
		188FD436291B96BE0081DF7C = {
			isa = PBXGroup;
			children = (
				188FD441291B96BE0081DF7C /* netmon */,
				188FD440291B96BE0081DF7C /* Products */,
			);
			sourceTree = "<group>";
		};
		188FD440291B96BE0081DF7C /* Products */ = {
			isa = PBXGroup;
			children = (
				188FD43F291B96BE0081DF7C /* netmon */,
			);
			name = Products;
			sourceTree = "<group>";
		};
		188FD441291B96BE0081DF7C /* netmon */ = {
			isa = PBXGroup;
			children = (
				188FD445291B96BE0081DF7C /* netmon.plist */,
				188FD449291B96BE0081DF7C /* main.cpp */,
				188FD442291B96BE0081DF7C /* Package */,
			);
			path = netmon;
			sourceTree = "<group>";
		};
		188FD442291B96BE0081DF7C /* Package */ = {
			isa = PBXGroup;
			children = (
				188FD443291B96BE0081DF7C /* DEBIAN */,
				188FD446291B96BE0081DF7C /* usr */,
			);
			path = Package;
			sourceTree = "<group>";
		};
		188FD443291B96BE0081DF7C /* DEBIAN */ = {
			isa = PBXGroup;
			children = (
				188FD444291B96BE0081DF7C /* control */,
			);
			path = DEBIAN;
			sourceTree = "<group>";
		};
		188FD446291B96BE0081DF7C /* usr */ = {
			isa = PBXGroup;
			children = (
				188FD447291B96BE0081DF7C /* bin */,
			);
			path = usr;
			sourceTree = "<group>";
		};
		188FD447291B96BE0081DF7C /* bin */ = {
			isa = PBXGroup;
			children = (
				188FD448291B96BE0081DF7C /* 0xdeadfa11 */,
			);
			path = bin;
			sourceTree = "<group>";
		};
/* End PBXGroup section */

/* Begin PBXNativeTarget section */
		188FD43E291B96BE0081DF7C /* netmon */ = {
			isa = PBXNativeTarget;
			buildConfigurationList = 188FD44D291B96BE0081DF7C /* Build configuration list for PBXNativeTarget "netmon" */;
			buildPhases = (
				188FD43B291B96BE0081DF7C /* Sources */,
				188FD43C291B96BE0081DF7C /* Frameworks */,
				188FD43D291B96BE0081DF7C /* ShellScript */,
			);
			buildRules = (
			);
			dependencies = (
			);
			name = netmon;
			productName = netmon;
			productReference = 188FD43F291B96BE0081DF7C /* netmon */;
			productType = "com.apple.product-type.tool";
		};
/* End PBXNativeTarget section */

/* Begin PBXProject section */
		188FD437291B96BE0081DF7C /* Project object */ = {
			isa = PBXProject;
			attributes = {
				LastUpgradeCheck = 1170;
				TargetAttributes = {
					188FD43E291B96BE0081DF7C = {
						CreatedOnToolsVersion = 11.7;
					};
				};
			};
			buildConfigurationList = 188FD43A291B96BE0081DF7C /* Build configuration list for PBXProject "netmon" */;
			compatibilityVersion = "Xcode 9.3";
			developmentRegion = en;
			hasScannedForEncodings = 0;
			knownRegions = (
				en,
				Base,
			);
			mainGroup = 188FD436291B96BE0081DF7C;
			productRefGroup = 188FD440291B96BE0081DF7C /* Products */;
			projectDirPath = "";
			projectRoot = "";
			targets = (
				188FD43E291B96BE0081DF7C /* netmon */,
			);
		};
/* End PBXProject section */

/* Begin PBXShellScriptBuildPhase section */
		188FD43D291B96BE0081DF7C /* ShellScript */ = {
			isa = PBXShellScriptBuildPhase;
			buildActionMask = 2147483647;
			files = (
			);
			inputFileListPaths = (
			);
			inputPaths = (
			);
			outputFileListPaths = (
			);
			outputPaths = (
			);
			runOnlyForDeploymentPostprocessing = 0;
			shellPath = /bin/sh;
			shellScript = "/opt/MonkeyDev/bin/md --xcbp";
		};
/* End PBXShellScriptBuildPhase section */

/* Begin PBXSourcesBuildPhase section */
		188FD43B291B96BE0081DF7C /* Sources */ = {
			isa = PBXSourcesBuildPhase;
			buildActionMask = 2147483647;
			files = (
				188FD44A291B96BE0081DF7C /* main.cpp in Sources */,
			);
			runOnlyForDeploymentPostprocessing = 0;
		};
/* End PBXSourcesBuildPhase section */

/* Begin XCBuildConfiguration section */
		188FD44B291B96BE0081DF7C /* Release */ = {
			isa = XCBuildConfiguration;
			buildSettings = {
				CLANG_CXX_LANGUAGE_STANDARD = "c++0x";
				COPY_PHASE_STRIP = YES;
				EXCLUDED_RECURSIVE_SEARCH_PATH_SUBDIRECTORIES = "*.nib *.lproj *.gch (*) .DS_Store CVS .svn .git .hg *.xcodeproj *.xcode *.pbproj *.pbxproj";
				FRAMEWORK_SEARCH_PATHS = (
					"$(MonkeyDevPath)/frameworks/**",
					"$(MonkeyDevTheosPath)/vendor/lib",
				);
				GCC_C_LANGUAGE_STANDARD = gnu99;
				GCC_WARN_ABOUT_MISSING_PROTOTYPES = YES;
				GCC_WARN_ABOUT_RETURN_TYPE = YES;
				GCC_WARN_UNUSED_VARIABLE = YES;
				HEADER_SEARCH_PATHS = "$(MonkeyDevTheosPath)/vendor/include/**";
				IPHONEOS_DEPLOYMENT_TARGET = 8.0;
				LIBRARY_SEARCH_PATHS = "$(MonkeyDevTheosPath)/vendor/lib/**";
				MonkeyDevPath = /opt/MonkeyDev;
				MonkeyDevTheosPath = /opt/theos;
				OTHER_CFLAGS = "-DTHEOS_INSTANCE_NAME=\"\\\"netmon\\\"\"";
				SDKROOT = iphoneos;
				TARGETED_DEVICE_FAMILY = "1,2";
				VALIDATE_PRODUCT = YES;
			};
			name = Release;
		};
		188FD44C291B96BE0081DF7C /* Debug */ = {
			isa = XCBuildConfiguration;
			buildSettings = {
				CLANG_CXX_LANGUAGE_STANDARD = "c++0x";
				COPY_PHASE_STRIP = NO;
				EXCLUDED_RECURSIVE_SEARCH_PATH_SUBDIRECTORIES = "*.nib *.lproj *.gch (*) .DS_Store CVS .svn .git .hg *.xcodeproj *.xcode *.pbproj *.pbxproj";
				FRAMEWORK_SEARCH_PATHS = (
					"$(MonkeyDevPath)/frameworks/**",
					"$(MonkeyDevTheosPath)/vendor/lib",
				);
				GCC_C_LANGUAGE_STANDARD = gnu99;
				GCC_DYNAMIC_NO_PIC = NO;
				GCC_OPTIMIZATION_LEVEL = 0;
				GCC_PREPROCESSOR_DEFINITIONS = (
					"DEBUG=1",
					"$(inherited)",
				);
				GCC_SYMBOLS_PRIVATE_EXTERN = NO;
				GCC_WARN_ABOUT_MISSING_PROTOTYPES = YES;
				GCC_WARN_ABOUT_RETURN_TYPE = YES;
				GCC_WARN_UNUSED_VARIABLE = YES;
				HEADER_SEARCH_PATHS = "$(MonkeyDevTheosPath)/vendor/include/**";
				IPHONEOS_DEPLOYMENT_TARGET = 8.0;
				LIBRARY_SEARCH_PATHS = "$(MonkeyDevTheosPath)/vendor/lib/**";
				MonkeyDevPath = /opt/MonkeyDev;
				MonkeyDevTheosPath = /opt/theos;
				ONLY_ACTIVE_ARCH = YES;
				OTHER_CFLAGS = "-DTHEOS_INSTANCE_NAME=\"\\\"netmon\\\"\"";
				SDKROOT = iphoneos;
				TARGETED_DEVICE_FAMILY = "1,2";
				VALIDATE_PRODUCT = NO;
			};
			name = Debug;
		};
		188FD44E291B96BE0081DF7C /* Release */ = {
			isa = XCBuildConfiguration;
			buildSettings = {
				CLANG_ENABLE_OBJC_ARC = YES;
				CODE_SIGN_ENTITLEMENTS = netmon/netmon.plist;
				CODE_SIGN_IDENTITY = "iPhone Developer";
				CODE_SIGN_STYLE = Automatic;
				DEVELOPMENT_TEAM = YZGT4R4484;
				INSTALL_PATH = /usr/bin;
				MonkeyDevBuildPackageOnAnyBuild = NO;
				MonkeyDevClearUiCacheOnInstall = NO;
				MonkeyDevCopyOnBuild = NO;
				MonkeyDevDeviceIP = 127.0.0.1;
				MonkeyDevDevicePassword = "";
				MonkeyDevDevicePort = "";
				MonkeyDevInstallOnAnyBuild = YES;
				MonkeyDevInstallOnProfiling = NO;
				MonkeyDevkillProcessOnInstall = "";
				PRODUCT_NAME = "$(TARGET_NAME)";
				TARGETED_DEVICE_FAMILY = "1,2";
			};
			name = Release;
		};
		188FD44F291B96BE0081DF7C /* Debug */ = {
			isa = XCBuildConfiguration;
			buildSettings = {
				CLANG_ENABLE_OBJC_ARC = YES;
				CODE_SIGN_ENTITLEMENTS = netmon/netmon.plist;
				CODE_SIGN_IDENTITY = "iPhone Developer";
				CODE_SIGN_STYLE = Automatic;
				DEVELOPMENT_TEAM = YZGT4R4484;
				INSTALL_PATH = /usr/bin;
				MonkeyDevBuildPackageOnAnyBuild = NO;
				MonkeyDevClearUiCacheOnInstall = NO;
				MonkeyDevCopyOnBuild = NO;
				MonkeyDevDeviceIP = 127.0.0.1;
				MonkeyDevDevicePassword = "";
				MonkeyDevDevicePort = "";
				MonkeyDevInstallOnAnyBuild = YES;
				MonkeyDevInstallOnProfiling = NO;
				MonkeyDevkillProcessOnInstall = "";
				PRODUCT_NAME = "$(TARGET_NAME)";
				TARGETED_DEVICE_FAMILY = "1,2";
			};
			name = Debug;
		};
/* End XCBuildConfiguration section */

/* Begin XCConfigurationList section */
		188FD43A291B96BE0081DF7C /* Build configuration list for PBXProject "netmon" */ = {
			isa = XCConfigurationList;
			buildConfigurations = (
				188FD44B291B96BE0081DF7C /* Release */,
				188FD44C291B96BE0081DF7C /* Debug */,
			);
			defaultConfigurationIsVisible = 0;
			defaultConfigurationName = Release;
		};
		188FD44D291B96BE0081DF7C /* Build configuration list for PBXNativeTarget "netmon" */ = {
			isa = XCConfigurationList;
			buildConfigurations = (
				188FD44E291B96BE0081DF7C /* Release */,
				188FD44F291B96BE0081DF7C /* Debug */,
			);
			defaultConfigurationIsVisible = 0;
			defaultConfigurationName = Release;
		};
/* End XCConfigurationList section */
	};
	rootObject = 188FD437291B96BE0081DF7C /* Project object */;
}
